
Microsoft Visual Studio Solution File, Format Version 12.00
# Visual Studio Version 16
VisualStudioVersion = 16.0.33027.164
MinimumVisualStudioVersion = 10.0.40219.1
Project("{8BC9CEB8-8B4A-11D0-8D11-00A0C91BC942}") = "Ex8-25_copy", "Ex8-25_copy\Ex8-25_copy.vcxproj", "{467FCC4E-3FDA-45A9-92E0-DF1461991743}"
EndProject
Project("{8BC9CEB8-8B4A-11D0-8D11-00A0C91BC942}") = "Ex8-26_copyBackward", "Ex8-26_copyBackward\Ex8-26_copyBackward.vcxproj", "{4789EAD2-E463-4489-A776-D5EAFA33D036}"
EndProject
Project("{8BC9CEB8-8B4A-11D0-8D11-00A0C91BC942}") = "Ex8-27_fill_fillN", "Ex8-27_fill_fillN\Ex8-27_fill_fillN.vcxproj", "{9AFA05FF-B443-4ECC-8C94-35BBF94AE41C}"
EndProject
Project("{8BC9CEB8-8B4A-11D0-8D11-00A0C91BC942}") = "Ex8-28_foreach", "Ex8-28_foreach\Ex8-28_foreach.vcxproj", "{E6EBC0E1-0150-484B-8270-8A69EAF42210}"
EndProject
Project("{8BC9CEB8-8B4A-11D0-8D11-00A0C91BC942}") = "Ex8-29_foreach_Functor", "Ex8-29_foreach_Functor\Ex8-29_foreach_Functor.vcxproj", "{1AF35B75-BFEB-4DBC-8E91-7F21A89F4399}"
EndProject
Project("{8BC9CEB8-8B4A-11D0-8D11-00A0C91BC942}") = "Ex8-30_generate_generateN", "Ex8-30_generate_generateN\Ex8-30_generate_generateN.vcxproj", "{E9B0493B-15FB-4961-855A-B027287F7849}"
EndProject
Project("{8BC9CEB8-8B4A-11D0-8D11-00A0C91BC942}") = "Ex8-31_swap_iterSwap", "Ex8-31_swap_iterSwap\Ex8-31_swap_iterSwap.vcxproj", "{2781BBA1-D3BE-4306-A31A-AADC6D95A27C}"
EndProject
Project("{8BC9CEB8-8B4A-11D0-8D11-00A0C91BC942}") = "Ex8-32_merge", "Ex8-32_merge\Ex8-32_merge.vcxproj", "{7D8BABC9-B7F5-4F2E-A380-341035AEC7BB}"
EndProject
Project("{8BC9CEB8-8B4A-11D0-8D11-00A0C91BC942}") = "Ex8-33_merge_greater", "Ex8-33_merge_greater\Ex8-33_merge_greater.vcxproj", "{A7B2DA9A-ED0E-4536-A304-540297BF9E37}"
EndProject
Project("{8BC9CEB8-8B4A-11D0-8D11-00A0C91BC942}") = "Ex8-34_replace", "Ex8-34_replace\Ex8-34_replace.vcxproj", "{54FEE681-E876-4EAA-9D70-B38EA460F77F}"
EndProject
Project("{8BC9CEB8-8B4A-11D0-8D11-00A0C91BC942}") = "Ex8-35_replaceIf", "Ex8-35_replaceIf\Ex8-35_replaceIf.vcxproj", "{CDDD57EA-FCB8-4904-B66D-DD155B09D936}"
EndProject
Project("{8BC9CEB8-8B4A-11D0-8D11-00A0C91BC942}") = "Ex8-36_replaceCopy_replaceCopyIf", "Ex8-36_replaceCopy_replaceCopyIf\Ex8-36_replaceCopy_replaceCopyIf.vcxproj", "{824DD583-37FC-40BE-BF67-DEA4D957F49B}"
EndProject
Project("{8BC9CEB8-8B4A-11D0-8D11-00A0C91BC942}") = "Ex8-37_swapRanges", "Ex8-37_swapRanges\Ex8-37_swapRanges.vcxproj", "{02ED92B0-653D-445F-9298-7B92E4978536}"
EndProject
Project("{8BC9CEB8-8B4A-11D0-8D11-00A0C91BC942}") = "Ex8-38_transform", "Ex8-38_transform\Ex8-38_transform.vcxproj", "{1F07222A-FA6E-4E47-AFC0-0235E883347E}"
EndProject
Project("{8BC9CEB8-8B4A-11D0-8D11-00A0C91BC942}") = "Ex8-39_transform_ReturnIterator", "Ex8-39_transform_ReturnIterator\Ex8-39_transform_ReturnIterator.vcxproj", "{6EE3AD30-89DB-4A52-A0B7-C092B71D70C6}"
EndProject
Project("{8BC9CEB8-8B4A-11D0-8D11-00A0C91BC942}") = "Ex8-40_transform_TwoSequenceOperation", "Ex8-40_transform_TwoSequenceOperation\Ex8-40_transform_TwoSequenceOperation.vcxproj", "{EE7FEDBB-03F9-439C-9B13-56A6813246DF}"
EndProject
Global
	GlobalSection(SolutionConfigurationPlatforms) = preSolution
		Debug|x64 = Debug|x64
		Debug|x86 = Debug|x86
		Release|x64 = Release|x64
		Release|x86 = Release|x86
	EndGlobalSection
	GlobalSection(ProjectConfigurationPlatforms) = postSolution
		{467FCC4E-3FDA-45A9-92E0-DF1461991743}.Debug|x64.ActiveCfg = Debug|x64
		{467FCC4E-3FDA-45A9-92E0-DF1461991743}.Debug|x64.Build.0 = Debug|x64
		{467FCC4E-3FDA-45A9-92E0-DF1461991743}.Debug|x86.ActiveCfg = Debug|Win32
		{467FCC4E-3FDA-45A9-92E0-DF1461991743}.Debug|x86.Build.0 = Debug|Win32
		{467FCC4E-3FDA-45A9-92E0-DF1461991743}.Release|x64.ActiveCfg = Release|x64
		{467FCC4E-3FDA-45A9-92E0-DF1461991743}.Release|x64.Build.0 = Release|x64
		{467FCC4E-3FDA-45A9-92E0-DF1461991743}.Release|x86.ActiveCfg = Release|Win32
		{467FCC4E-3FDA-45A9-92E0-DF1461991743}.Release|x86.Build.0 = Release|Win32
		{4789EAD2-E463-4489-A776-D5EAFA33D036}.Debug|x64.ActiveCfg = Debug|x64
		{4789EAD2-E463-4489-A776-D5EAFA33D036}.Debug|x64.Build.0 = Debug|x64
		{4789EAD2-E463-4489-A776-D5EAFA33D036}.Debug|x86.ActiveCfg = Debug|Win32
		{4789EAD2-E463-4489-A776-D5EAFA33D036}.Debug|x86.Build.0 = Debug|Win32
		{4789EAD2-E463-4489-A776-D5EAFA33D036}.Release|x64.ActiveCfg = Release|x64
		{4789EAD2-E463-4489-A776-D5EAFA33D036}.Release|x64.Build.0 = Release|x64
		{4789EAD2-E463-4489-A776-D5EAFA33D036}.Release|x86.ActiveCfg = Release|Win32
		{4789EAD2-E463-4489-A776-D5EAFA33D036}.Release|x86.Build.0 = Release|Win32
		{9AFA05FF-B443-4ECC-8C94-35BBF94AE41C}.Debug|x64.ActiveCfg = Debug|x64
		{9AFA05FF-B443-4ECC-8C94-35BBF94AE41C}.Debug|x64.Build.0 = Debug|x64
		{9AFA05FF-B443-4ECC-8C94-35BBF94AE41C}.Debug|x86.ActiveCfg = Debug|Win32
		{9AFA05FF-B443-4ECC-8C94-35BBF94AE41C}.Debug|x86.Build.0 = Debug|Win32
		{9AFA05FF-B443-4ECC-8C94-35BBF94AE41C}.Release|x64.ActiveCfg = Release|x64
		{9AFA05FF-B443-4ECC-8C94-35BBF94AE41C}.Release|x64.Build.0 = Release|x64
		{9AFA05FF-B443-4ECC-8C94-35BBF94AE41C}.Release|x86.ActiveCfg = Release|Win32
		{9AFA05FF-B443-4ECC-8C94-35BBF94AE41C}.Release|x86.Build.0 = Release|Win32
		{E6EBC0E1-0150-484B-8270-8A69EAF42210}.Debug|x64.ActiveCfg = Debug|x64
		{E6EBC0E1-0150-484B-8270-8A69EAF42210}.Debug|x64.Build.0 = Debug|x64
		{E6EBC0E1-0150-484B-8270-8A69EAF42210}.Debug|x86.ActiveCfg = Debug|Win32
		{E6EBC0E1-0150-484B-8270-8A69EAF42210}.Debug|x86.Build.0 = Debug|Win32
		{E6EBC0E1-0150-484B-8270-8A69EAF42210}.Release|x64.ActiveCfg = Release|x64
		{E6EBC0E1-0150-484B-8270-8A69EAF42210}.Release|x64.Build.0 = Release|x64
		{E6EBC0E1-0150-484B-8270-8A69EAF42210}.Release|x86.ActiveCfg = Release|Win32
		{E6EBC0E1-0150-484B-8270-8A69EAF42210}.Release|x86.Build.0 = Release|Win32
		{1AF35B75-BFEB-4DBC-8E91-7F21A89F4399}.Debug|x64.ActiveCfg = Debug|x64
		{1AF35B75-BFEB-4DBC-8E91-7F21A89F4399}.Debug|x64.Build.0 = Debug|x64
		{1AF35B75-BFEB-4DBC-8E91-7F21A89F4399}.Debug|x86.ActiveCfg = Debug|Win32
		{1AF35B75-BFEB-4DBC-8E91-7F21A89F4399}.Debug|x86.Build.0 = Debug|Win32
		{1AF35B75-BFEB-4DBC-8E91-7F21A89F4399}.Release|x64.ActiveCfg = Release|x64
		{1AF35B75-BFEB-4DBC-8E91-7F21A89F4399}.Release|x64.Build.0 = Release|x64
		{1AF35B75-BFEB-4DBC-8E91-7F21A89F4399}.Release|x86.ActiveCfg = Release|Win32
		{1AF35B75-BFEB-4DBC-8E91-7F21A89F4399}.Release|x86.Build.0 = Release|Win32
		{E9B0493B-15FB-4961-855A-B027287F7849}.Debug|x64.ActiveCfg = Debug|x64
		{E9B0493B-15FB-4961-855A-B027287F7849}.Debug|x64.Build.0 = Debug|x64
		{E9B0493B-15FB-4961-855A-B027287F7849}.Debug|x86.ActiveCfg = Debug|Win32
		{E9B0493B-15FB-4961-855A-B027287F7849}.Debug|x86.Build.0 = Debug|Win32
		{E9B0493B-15FB-4961-855A-B027287F7849}.Release|x64.ActiveCfg = Release|x64
		{E9B0493B-15FB-4961-855A-B027287F7849}.Release|x64.Build.0 = Release|x64
		{E9B0493B-15FB-4961-855A-B027287F7849}.Release|x86.ActiveCfg = Release|Win32
		{E9B0493B-15FB-4961-855A-B027287F7849}.Release|x86.Build.0 = Release|Win32
		{2781BBA1-D3BE-4306-A31A-AADC6D95A27C}.Debug|x64.ActiveCfg = Debug|x64
		{2781BBA1-D3BE-4306-A31A-AADC6D95A27C}.Debug|x64.Build.0 = Debug|x64
		{2781BBA1-D3BE-4306-A31A-AADC6D95A27C}.Debug|x86.ActiveCfg = Debug|Win32
		{2781BBA1-D3BE-4306-A31A-AADC6D95A27C}.Debug|x86.Build.0 = Debug|Win32
		{2781BBA1-D3BE-4306-A31A-AADC6D95A27C}.Release|x64.ActiveCfg = Release|x64
		{2781BBA1-D3BE-4306-A31A-AADC6D95A27C}.Release|x64.Build.0 = Release|x64
		{2781BBA1-D3BE-4306-A31A-AADC6D95A27C}.Release|x86.ActiveCfg = Release|Win32
		{2781BBA1-D3BE-4306-A31A-AADC6D95A27C}.Release|x86.Build.0 = Release|Win32
		{7D8BABC9-B7F5-4F2E-A380-341035AEC7BB}.Debug|x64.ActiveCfg = Debug|x64
		{7D8BABC9-B7F5-4F2E-A380-341035AEC7BB}.Debug|x64.Build.0 = Debug|x64
		{7D8BABC9-B7F5-4F2E-A380-341035AEC7BB}.Debug|x86.ActiveCfg = Debug|Win32
		{7D8BABC9-B7F5-4F2E-A380-341035AEC7BB}.Debug|x86.Build.0 = Debug|Win32
		{7D8BABC9-B7F5-4F2E-A380-341035AEC7BB}.Release|x64.ActiveCfg = Release|x64
		{7D8BABC9-B7F5-4F2E-A380-341035AEC7BB}.Release|x64.Build.0 = Release|x64
		{7D8BABC9-B7F5-4F2E-A380-341035AEC7BB}.Release|x86.ActiveCfg = Release|Win32
		{7D8BABC9-B7F5-4F2E-A380-341035AEC7BB}.Release|x86.Build.0 = Release|Win32
		{A7B2DA9A-ED0E-4536-A304-540297BF9E37}.Debug|x64.ActiveCfg = Debug|x64
		{A7B2DA9A-ED0E-4536-A304-540297BF9E37}.Debug|x64.Build.0 = Debug|x64
		{A7B2DA9A-ED0E-4536-A304-540297BF9E37}.Debug|x86.ActiveCfg = Debug|Win32
		{A7B2DA9A-ED0E-4536-A304-540297BF9E37}.Debug|x86.Build.0 = Debug|Win32
		{A7B2DA9A-ED0E-4536-A304-540297BF9E37}.Release|x64.ActiveCfg = Release|x64
		{A7B2DA9A-ED0E-4536-A304-540297BF9E37}.Release|x64.Build.0 = Release|x64
		{A7B2DA9A-ED0E-4536-A304-540297BF9E37}.Release|x86.ActiveCfg = Release|Win32
		{A7B2DA9A-ED0E-4536-A304-540297BF9E37}.Release|x86.Build.0 = Release|Win32
		{54FEE681-E876-4EAA-9D70-B38EA460F77F}.Debug|x64.ActiveCfg = Debug|x64
		{54FEE681-E876-4EAA-9D70-B38EA460F77F}.Debug|x64.Build.0 = Debug|x64
		{54FEE681-E876-4EAA-9D70-B38EA460F77F}.Debug|x86.ActiveCfg = Debug|Win32
		{54FEE681-E876-4EAA-9D70-B38EA460F77F}.Debug|x86.Build.0 = Debug|Win32
		{54FEE681-E876-4EAA-9D70-B38EA460F77F}.Release|x64.ActiveCfg = Release|x64
		{54FEE681-E876-4EAA-9D70-B38EA460F77F}.Release|x64.Build.0 = Release|x64
		{54FEE681-E876-4EAA-9D70-B38EA460F77F}.Release|x86.ActiveCfg = Release|Win32
		{54FEE681-E876-4EAA-9D70-B38EA460F77F}.Release|x86.Build.0 = Release|Win32
		{CDDD57EA-FCB8-4904-B66D-DD155B09D936}.Debug|x64.ActiveCfg = Debug|x64
		{CDDD57EA-FCB8-4904-B66D-DD155B09D936}.Debug|x64.Build.0 = Debug|x64
		{CDDD57EA-FCB8-4904-B66D-DD155B09D936}.Debug|x86.ActiveCfg = Debug|Win32
		{CDDD57EA-FCB8-4904-B66D-DD155B09D936}.Debug|x86.Build.0 = Debug|Win32
		{CDDD57EA-FCB8-4904-B66D-DD155B09D936}.Release|x64.ActiveCfg = Release|x64
		{CDDD57EA-FCB8-4904-B66D-DD155B09D936}.Release|x64.Build.0 = Release|x64
		{CDDD57EA-FCB8-4904-B66D-DD155B09D936}.Release|x86.ActiveCfg = Release|Win32
		{CDDD57EA-FCB8-4904-B66D-DD155B09D936}.Release|x86.Build.0 = Release|Win32
		{824DD583-37FC-40BE-BF67-DEA4D957F49B}.Debug|x64.ActiveCfg = Debug|x64
		{824DD583-37FC-40BE-BF67-DEA4D957F49B}.Debug|x64.Build.0 = Debug|x64
		{824DD583-37FC-40BE-BF67-DEA4D957F49B}.Debug|x86.ActiveCfg = Debug|Win32
		{824DD583-37FC-40BE-BF67-DEA4D957F49B}.Debug|x86.Build.0 = Debug|Win32
		{824DD583-37FC-40BE-BF67-DEA4D957F49B}.Release|x64.ActiveCfg = Release|x64
		{824DD583-37FC-40BE-BF67-DEA4D957F49B}.Release|x64.Build.0 = Release|x64
		{824DD583-37FC-40BE-BF67-DEA4D957F49B}.Release|x86.ActiveCfg = Release|Win32
		{824DD583-37FC-40BE-BF67-DEA4D957F49B}.Release|x86.Build.0 = Release|Win32
		{02ED92B0-653D-445F-9298-7B92E4978536}.Debug|x64.ActiveCfg = Debug|x64
		{02ED92B0-653D-445F-9298-7B92E4978536}.Debug|x64.Build.0 = Debug|x64
		{02ED92B0-653D-445F-9298-7B92E4978536}.Debug|x86.ActiveCfg = Debug|Win32
		{02ED92B0-653D-445F-9298-7B92E4978536}.Debug|x86.Build.0 = Debug|Win32
		{02ED92B0-653D-445F-9298-7B92E4978536}.Release|x64.ActiveCfg = Release|x64
		{02ED92B0-653D-445F-9298-7B92E4978536}.Release|x64.Build.0 = Release|x64
		{02ED92B0-653D-445F-9298-7B92E4978536}.Release|x86.ActiveCfg = Release|Win32
		{02ED92B0-653D-445F-9298-7B92E4978536}.Release|x86.Build.0 = Release|Win32
		{1F07222A-FA6E-4E47-AFC0-0235E883347E}.Debug|x64.ActiveCfg = Debug|x64
		{1F07222A-FA6E-4E47-AFC0-0235E883347E}.Debug|x64.Build.0 = Debug|x64
		{1F07222A-FA6E-4E47-AFC0-0235E883347E}.Debug|x86.ActiveCfg = Debug|Win32
		{1F07222A-FA6E-4E47-AFC0-0235E883347E}.Debug|x86.Build.0 = Debug|Win32
		{1F07222A-FA6E-4E47-AFC0-0235E883347E}.Release|x64.ActiveCfg = Release|x64
		{1F07222A-FA6E-4E47-AFC0-0235E883347E}.Release|x64.Build.0 = Release|x64
		{1F07222A-FA6E-4E47-AFC0-0235E883347E}.Release|x86.ActiveCfg = Release|Win32
		{1F07222A-FA6E-4E47-AFC0-0235E883347E}.Release|x86.Build.0 = Release|Win32
		{6EE3AD30-89DB-4A52-A0B7-C092B71D70C6}.Debug|x64.ActiveCfg = Debug|x64
		{6EE3AD30-89DB-4A52-A0B7-C092B71D70C6}.Debug|x64.Build.0 = Debug|x64
		{6EE3AD30-89DB-4A52-A0B7-C092B71D70C6}.Debug|x86.ActiveCfg = Debug|Win32
		{6EE3AD30-89DB-4A52-A0B7-C092B71D70C6}.Debug|x86.Build.0 = Debug|Win32
		{6EE3AD30-89DB-4A52-A0B7-C092B71D70C6}.Release|x64.ActiveCfg = Release|x64
		{6EE3AD30-89DB-4A52-A0B7-C092B71D70C6}.Release|x64.Build.0 = Release|x64
		{6EE3AD30-89DB-4A52-A0B7-C092B71D70C6}.Release|x86.ActiveCfg = Release|Win32
		{6EE3AD30-89DB-4A52-A0B7-C092B71D70C6}.Release|x86.Build.0 = Release|Win32
		{EE7FEDBB-03F9-439C-9B13-56A6813246DF}.Debug|x64.ActiveCfg = Debug|x64
		{EE7FEDBB-03F9-439C-9B13-56A6813246DF}.Debug|x64.Build.0 = Debug|x64
		{EE7FEDBB-03F9-439C-9B13-56A6813246DF}.Debug|x86.ActiveCfg = Debug|Win32
		{EE7FEDBB-03F9-439C-9B13-56A6813246DF}.Debug|x86.Build.0 = Debug|Win32
		{EE7FEDBB-03F9-439C-9B13-56A6813246DF}.Release|x64.ActiveCfg = Release|x64
		{EE7FEDBB-03F9-439C-9B13-56A6813246DF}.Release|x64.Build.0 = Release|x64
		{EE7FEDBB-03F9-439C-9B13-56A6813246DF}.Release|x86.ActiveCfg = Release|Win32
		{EE7FEDBB-03F9-439C-9B13-56A6813246DF}.Release|x86.Build.0 = Release|Win32
	EndGlobalSection
	GlobalSection(SolutionProperties) = preSolution
		HideSolutionNode = FALSE
	EndGlobalSection
	GlobalSection(ExtensibilityGlobals) = postSolution
		SolutionGuid = {A7BFB74D-6C39-4293-BA3A-9CCCCA616D30}
	EndGlobalSection
EndGlobal
