
Microsoft Visual Studio Solution File, Format Version 12.00
# Visual Studio Version 16
VisualStudioVersion = 16.0.33027.164
MinimumVisualStudioVersion = 10.0.40219.1
Project("{8BC9CEB8-8B4A-11D0-8D11-00A0C91BC942}") = "Ex8-1_adjacentFind", "Ex8-1_adjacentFind\Ex8-1_adjacentFind.vcxproj", "{DE1EDDB1-050A-443F-ABAF-49E22F85D298}"
EndProject
Project("{8BC9CEB8-8B4A-11D0-8D11-00A0C91BC942}") = "Ex8-2_adjacentFind_ReturnValue", "Ex8-2_adjacentFind_ReturnValue\Ex8-2_adjacentFind_ReturnValue.vcxproj", "{25CDD2D6-4D06-427F-A3BF-DECED90460B1}"
EndProject
Project("{8BC9CEB8-8B4A-11D0-8D11-00A0C91BC942}") = "Ex8-3_adjacentFind_Predicate", "Ex8-3_adjacentFind_Predicate\Ex8-3_adjacentFind_Predicate.vcxproj", "{E9328AF5-2A13-423C-AED2-A35F73841A5A}"
EndProject
Project("{8BC9CEB8-8B4A-11D0-8D11-00A0C91BC942}") = "Ex8-4_count", "Ex8-4_count\Ex8-4_count.vcxproj", "{FB2F7E11-13C5-4CF8-86F6-5D6CC7E8B376}"
EndProject
Project("{8BC9CEB8-8B4A-11D0-8D11-00A0C91BC942}") = "Ex8-5_countIf_Predicate", "Ex8-5_countIf_Predicate\Ex8-5_countIf_Predicate.vcxproj", "{ABC052BD-78B1-4774-92EE-464ADC7358F2}"
EndProject
Project("{8BC9CEB8-8B4A-11D0-8D11-00A0C91BC942}") = "Ex8-6_equal", "Ex8-6_equal\Ex8-6_equal.vcxproj", "{0CB216D0-91F8-4A44-B7D2-2C636657675C}"
EndProject
Project("{8BC9CEB8-8B4A-11D0-8D11-00A0C91BC942}") = "Ex8-7_equal_Predicate", "Ex8-7_equal_Predicate\Ex8-7_equal_Predicate.vcxproj", "{F852BBD2-1F9B-4537-9606-DB5B1B3D3065}"
EndProject
Project("{8BC9CEB8-8B4A-11D0-8D11-00A0C91BC942}") = "Ex8-8_find", "Ex8-8_find\Ex8-8_find.vcxproj", "{89167685-6217-46F5-95A7-DA349A73B634}"
EndProject
Project("{8BC9CEB8-8B4A-11D0-8D11-00A0C91BC942}") = "Ex8-9_findEnd", "Ex8-9_findEnd\Ex8-9_findEnd.vcxproj", "{93829D01-6E2D-4139-BAE4-301491BA9903}"
EndProject
Project("{8BC9CEB8-8B4A-11D0-8D11-00A0C91BC942}") = "Ex8-10_findEnd_Predicate", "Ex8-10_findEnd_Predicate\Ex8-10_findEnd_Predicate.vcxproj", "{3F4D8779-C2E6-4DF5-882D-A5BC15189428}"
EndProject
Project("{8BC9CEB8-8B4A-11D0-8D11-00A0C91BC942}") = "Ex8-11_findFirstOf", "Ex8-11_findFirstOf\Ex8-11_findFirstOf.vcxproj", "{7EC9B2CA-C47F-40BC-8221-2129E40F9749}"
EndProject
Project("{8BC9CEB8-8B4A-11D0-8D11-00A0C91BC942}") = "Ex8-12_findFirstOf_Predicate", "Ex8-12_findFirstOf_Predicate\Ex8-12_findFirstOf_Predicate.vcxproj", "{4A79AF32-1D42-48B1-8C58-A76D056FC63C}"
EndProject
Project("{8BC9CEB8-8B4A-11D0-8D11-00A0C91BC942}") = "Ex8-13_foreach", "Ex8-13_foreach\Ex8-13_foreach.vcxproj", "{4C05BEE6-A7FD-4C30-BF00-D81CCA39EAED}"
EndProject
Project("{8BC9CEB8-8B4A-11D0-8D11-00A0C91BC942}") = "Ex8-14_foreach_Functor", "Ex8-14_foreach_Functor\Ex8-14_foreach_Functor.vcxproj", "{98CC8E74-194C-476E-A0FA-D72FE372B8D3}"
EndProject
Project("{8BC9CEB8-8B4A-11D0-8D11-00A0C91BC942}") = "Ex8-15_lexicographicalCompare", "Ex8-15_lexicographicalCompare\Ex8-15_lexicographicalCompare.vcxproj", "{D94A75E2-6AE9-42D5-9B78-AA02F0DB752B}"
EndProject
Project("{8BC9CEB8-8B4A-11D0-8D11-00A0C91BC942}") = "Ex8-16_lexicographicalCompare_Predicate", "Ex8-16_lexicographicalCompare_Predicate\Ex8-16_lexicographicalCompare_Predicate.vcxproj", "{C1E78F4D-527A-4D8D-9306-677641B38120}"
EndProject
Project("{8BC9CEB8-8B4A-11D0-8D11-00A0C91BC942}") = "Ex8-17_max_min", "Ex8-17_max_min\Ex8-17_max_min.vcxproj", "{18CF8678-15D6-4B91-A75E-FE6E0D73FFBE}"
EndProject
Project("{8BC9CEB8-8B4A-11D0-8D11-00A0C91BC942}") = "Ex8-18_maxElement_minElement", "Ex8-18_maxElement_minElement\Ex8-18_maxElement_minElement.vcxproj", "{9499B7AF-90BD-4E3B-AD82-0008A3E993FD}"
EndProject
Project("{8BC9CEB8-8B4A-11D0-8D11-00A0C91BC942}") = "Ex8-19_maxElement_Predicate", "Ex8-19_maxElement_Predicate\Ex8-19_maxElement_Predicate.vcxproj", "{73133D2C-797F-41DB-9227-D0FFB63D4176}"
EndProject
Project("{8BC9CEB8-8B4A-11D0-8D11-00A0C91BC942}") = "Ex8-20_mismatch", "Ex8-20_mismatch\Ex8-20_mismatch.vcxproj", "{8F80107A-24EA-46E9-9696-E5645DA893DF}"
EndProject
Project("{8BC9CEB8-8B4A-11D0-8D11-00A0C91BC942}") = "Ex8-21_mismatch_Predicate", "Ex8-21_mismatch_Predicate\Ex8-21_mismatch_Predicate.vcxproj", "{425AC1D6-5EEA-4632-AB06-A8097C1A12C7}"
EndProject
Project("{8BC9CEB8-8B4A-11D0-8D11-00A0C91BC942}") = "Ex8-22_search", "Ex8-22_search\Ex8-22_search.vcxproj", "{431DA813-E076-4520-8A21-C1943ED65488}"
EndProject
Project("{8BC9CEB8-8B4A-11D0-8D11-00A0C91BC942}") = "Ex8-23_searchN", "Ex8-23_searchN\Ex8-23_searchN.vcxproj", "{1587ED34-E8AA-4021-AFCA-1D559E8EB0A8}"
EndProject
Project("{8BC9CEB8-8B4A-11D0-8D11-00A0C91BC942}") = "Ex8-24_searchN_Predicate", "Ex8-24_searchN_Predicate\Ex8-24_searchN_Predicate.vcxproj", "{4E37F4C0-686C-4D19-B73A-5A46A6BBB381}"
EndProject
Global
	GlobalSection(SolutionConfigurationPlatforms) = preSolution
		Debug|x64 = Debug|x64
		Debug|x86 = Debug|x86
		Release|x64 = Release|x64
		Release|x86 = Release|x86
	EndGlobalSection
	GlobalSection(ProjectConfigurationPlatforms) = postSolution
		{DE1EDDB1-050A-443F-ABAF-49E22F85D298}.Debug|x64.ActiveCfg = Debug|x64
		{DE1EDDB1-050A-443F-ABAF-49E22F85D298}.Debug|x64.Build.0 = Debug|x64
		{DE1EDDB1-050A-443F-ABAF-49E22F85D298}.Debug|x86.ActiveCfg = Debug|Win32
		{DE1EDDB1-050A-443F-ABAF-49E22F85D298}.Debug|x86.Build.0 = Debug|Win32
		{DE1EDDB1-050A-443F-ABAF-49E22F85D298}.Release|x64.ActiveCfg = Release|x64
		{DE1EDDB1-050A-443F-ABAF-49E22F85D298}.Release|x64.Build.0 = Release|x64
		{DE1EDDB1-050A-443F-ABAF-49E22F85D298}.Release|x86.ActiveCfg = Release|Win32
		{DE1EDDB1-050A-443F-ABAF-49E22F85D298}.Release|x86.Build.0 = Release|Win32
		{25CDD2D6-4D06-427F-A3BF-DECED90460B1}.Debug|x64.ActiveCfg = Debug|x64
		{25CDD2D6-4D06-427F-A3BF-DECED90460B1}.Debug|x64.Build.0 = Debug|x64
		{25CDD2D6-4D06-427F-A3BF-DECED90460B1}.Debug|x86.ActiveCfg = Debug|Win32
		{25CDD2D6-4D06-427F-A3BF-DECED90460B1}.Debug|x86.Build.0 = Debug|Win32
		{25CDD2D6-4D06-427F-A3BF-DECED90460B1}.Release|x64.ActiveCfg = Release|x64
		{25CDD2D6-4D06-427F-A3BF-DECED90460B1}.Release|x64.Build.0 = Release|x64
		{25CDD2D6-4D06-427F-A3BF-DECED90460B1}.Release|x86.ActiveCfg = Release|Win32
		{25CDD2D6-4D06-427F-A3BF-DECED90460B1}.Release|x86.Build.0 = Release|Win32
		{E9328AF5-2A13-423C-AED2-A35F73841A5A}.Debug|x64.ActiveCfg = Debug|x64
		{E9328AF5-2A13-423C-AED2-A35F73841A5A}.Debug|x64.Build.0 = Debug|x64
		{E9328AF5-2A13-423C-AED2-A35F73841A5A}.Debug|x86.ActiveCfg = Debug|Win32
		{E9328AF5-2A13-423C-AED2-A35F73841A5A}.Debug|x86.Build.0 = Debug|Win32
		{E9328AF5-2A13-423C-AED2-A35F73841A5A}.Release|x64.ActiveCfg = Release|x64
		{E9328AF5-2A13-423C-AED2-A35F73841A5A}.Release|x64.Build.0 = Release|x64
		{E9328AF5-2A13-423C-AED2-A35F73841A5A}.Release|x86.ActiveCfg = Release|Win32
		{E9328AF5-2A13-423C-AED2-A35F73841A5A}.Release|x86.Build.0 = Release|Win32
		{FB2F7E11-13C5-4CF8-86F6-5D6CC7E8B376}.Debug|x64.ActiveCfg = Debug|x64
		{FB2F7E11-13C5-4CF8-86F6-5D6CC7E8B376}.Debug|x64.Build.0 = Debug|x64
		{FB2F7E11-13C5-4CF8-86F6-5D6CC7E8B376}.Debug|x86.ActiveCfg = Debug|Win32
		{FB2F7E11-13C5-4CF8-86F6-5D6CC7E8B376}.Debug|x86.Build.0 = Debug|Win32
		{FB2F7E11-13C5-4CF8-86F6-5D6CC7E8B376}.Release|x64.ActiveCfg = Release|x64
		{FB2F7E11-13C5-4CF8-86F6-5D6CC7E8B376}.Release|x64.Build.0 = Release|x64
		{FB2F7E11-13C5-4CF8-86F6-5D6CC7E8B376}.Release|x86.ActiveCfg = Release|Win32
		{FB2F7E11-13C5-4CF8-86F6-5D6CC7E8B376}.Release|x86.Build.0 = Release|Win32
		{ABC052BD-78B1-4774-92EE-464ADC7358F2}.Debug|x64.ActiveCfg = Debug|x64
		{ABC052BD-78B1-4774-92EE-464ADC7358F2}.Debug|x64.Build.0 = Debug|x64
		{ABC052BD-78B1-4774-92EE-464ADC7358F2}.Debug|x86.ActiveCfg = Debug|Win32
		{ABC052BD-78B1-4774-92EE-464ADC7358F2}.Debug|x86.Build.0 = Debug|Win32
		{ABC052BD-78B1-4774-92EE-464ADC7358F2}.Release|x64.ActiveCfg = Release|x64
		{ABC052BD-78B1-4774-92EE-464ADC7358F2}.Release|x64.Build.0 = Release|x64
		{ABC052BD-78B1-4774-92EE-464ADC7358F2}.Release|x86.ActiveCfg = Release|Win32
		{ABC052BD-78B1-4774-92EE-464ADC7358F2}.Release|x86.Build.0 = Release|Win32
		{0CB216D0-91F8-4A44-B7D2-2C636657675C}.Debug|x64.ActiveCfg = Debug|x64
		{0CB216D0-91F8-4A44-B7D2-2C636657675C}.Debug|x64.Build.0 = Debug|x64
		{0CB216D0-91F8-4A44-B7D2-2C636657675C}.Debug|x86.ActiveCfg = Debug|Win32
		{0CB216D0-91F8-4A44-B7D2-2C636657675C}.Debug|x86.Build.0 = Debug|Win32
		{0CB216D0-91F8-4A44-B7D2-2C636657675C}.Release|x64.ActiveCfg = Release|x64
		{0CB216D0-91F8-4A44-B7D2-2C636657675C}.Release|x64.Build.0 = Release|x64
		{0CB216D0-91F8-4A44-B7D2-2C636657675C}.Release|x86.ActiveCfg = Release|Win32
		{0CB216D0-91F8-4A44-B7D2-2C636657675C}.Release|x86.Build.0 = Release|Win32
		{F852BBD2-1F9B-4537-9606-DB5B1B3D3065}.Debug|x64.ActiveCfg = Debug|x64
		{F852BBD2-1F9B-4537-9606-DB5B1B3D3065}.Debug|x64.Build.0 = Debug|x64
		{F852BBD2-1F9B-4537-9606-DB5B1B3D3065}.Debug|x86.ActiveCfg = Debug|Win32
		{F852BBD2-1F9B-4537-9606-DB5B1B3D3065}.Debug|x86.Build.0 = Debug|Win32
		{F852BBD2-1F9B-4537-9606-DB5B1B3D3065}.Release|x64.ActiveCfg = Release|x64
		{F852BBD2-1F9B-4537-9606-DB5B1B3D3065}.Release|x64.Build.0 = Release|x64
		{F852BBD2-1F9B-4537-9606-DB5B1B3D3065}.Release|x86.ActiveCfg = Release|Win32
		{F852BBD2-1F9B-4537-9606-DB5B1B3D3065}.Release|x86.Build.0 = Release|Win32
		{89167685-6217-46F5-95A7-DA349A73B634}.Debug|x64.ActiveCfg = Debug|x64
		{89167685-6217-46F5-95A7-DA349A73B634}.Debug|x64.Build.0 = Debug|x64
		{89167685-6217-46F5-95A7-DA349A73B634}.Debug|x86.ActiveCfg = Debug|Win32
		{89167685-6217-46F5-95A7-DA349A73B634}.Debug|x86.Build.0 = Debug|Win32
		{89167685-6217-46F5-95A7-DA349A73B634}.Release|x64.ActiveCfg = Release|x64
		{89167685-6217-46F5-95A7-DA349A73B634}.Release|x64.Build.0 = Release|x64
		{89167685-6217-46F5-95A7-DA349A73B634}.Release|x86.ActiveCfg = Release|Win32
		{89167685-6217-46F5-95A7-DA349A73B634}.Release|x86.Build.0 = Release|Win32
		{93829D01-6E2D-4139-BAE4-301491BA9903}.Debug|x64.ActiveCfg = Debug|x64
		{93829D01-6E2D-4139-BAE4-301491BA9903}.Debug|x64.Build.0 = Debug|x64
		{93829D01-6E2D-4139-BAE4-301491BA9903}.Debug|x86.ActiveCfg = Debug|Win32
		{93829D01-6E2D-4139-BAE4-301491BA9903}.Debug|x86.Build.0 = Debug|Win32
		{93829D01-6E2D-4139-BAE4-301491BA9903}.Release|x64.ActiveCfg = Release|x64
		{93829D01-6E2D-4139-BAE4-301491BA9903}.Release|x64.Build.0 = Release|x64
		{93829D01-6E2D-4139-BAE4-301491BA9903}.Release|x86.ActiveCfg = Release|Win32
		{93829D01-6E2D-4139-BAE4-301491BA9903}.Release|x86.Build.0 = Release|Win32
		{3F4D8779-C2E6-4DF5-882D-A5BC15189428}.Debug|x64.ActiveCfg = Debug|x64
		{3F4D8779-C2E6-4DF5-882D-A5BC15189428}.Debug|x64.Build.0 = Debug|x64
		{3F4D8779-C2E6-4DF5-882D-A5BC15189428}.Debug|x86.ActiveCfg = Debug|Win32
		{3F4D8779-C2E6-4DF5-882D-A5BC15189428}.Debug|x86.Build.0 = Debug|Win32
		{3F4D8779-C2E6-4DF5-882D-A5BC15189428}.Release|x64.ActiveCfg = Release|x64
		{3F4D8779-C2E6-4DF5-882D-A5BC15189428}.Release|x64.Build.0 = Release|x64
		{3F4D8779-C2E6-4DF5-882D-A5BC15189428}.Release|x86.ActiveCfg = Release|Win32
		{3F4D8779-C2E6-4DF5-882D-A5BC15189428}.Release|x86.Build.0 = Release|Win32
		{7EC9B2CA-C47F-40BC-8221-2129E40F9749}.Debug|x64.ActiveCfg = Debug|x64
		{7EC9B2CA-C47F-40BC-8221-2129E40F9749}.Debug|x64.Build.0 = Debug|x64
		{7EC9B2CA-C47F-40BC-8221-2129E40F9749}.Debug|x86.ActiveCfg = Debug|Win32
		{7EC9B2CA-C47F-40BC-8221-2129E40F9749}.Debug|x86.Build.0 = Debug|Win32
		{7EC9B2CA-C47F-40BC-8221-2129E40F9749}.Release|x64.ActiveCfg = Release|x64
		{7EC9B2CA-C47F-40BC-8221-2129E40F9749}.Release|x64.Build.0 = Release|x64
		{7EC9B2CA-C47F-40BC-8221-2129E40F9749}.Release|x86.ActiveCfg = Release|Win32
		{7EC9B2CA-C47F-40BC-8221-2129E40F9749}.Release|x86.Build.0 = Release|Win32
		{4A79AF32-1D42-48B1-8C58-A76D056FC63C}.Debug|x64.ActiveCfg = Debug|x64
		{4A79AF32-1D42-48B1-8C58-A76D056FC63C}.Debug|x64.Build.0 = Debug|x64
		{4A79AF32-1D42-48B1-8C58-A76D056FC63C}.Debug|x86.ActiveCfg = Debug|Win32
		{4A79AF32-1D42-48B1-8C58-A76D056FC63C}.Debug|x86.Build.0 = Debug|Win32
		{4A79AF32-1D42-48B1-8C58-A76D056FC63C}.Release|x64.ActiveCfg = Release|x64
		{4A79AF32-1D42-48B1-8C58-A76D056FC63C}.Release|x64.Build.0 = Release|x64
		{4A79AF32-1D42-48B1-8C58-A76D056FC63C}.Release|x86.ActiveCfg = Release|Win32
		{4A79AF32-1D42-48B1-8C58-A76D056FC63C}.Release|x86.Build.0 = Release|Win32
		{4C05BEE6-A7FD-4C30-BF00-D81CCA39EAED}.Debug|x64.ActiveCfg = Debug|x64
		{4C05BEE6-A7FD-4C30-BF00-D81CCA39EAED}.Debug|x64.Build.0 = Debug|x64
		{4C05BEE6-A7FD-4C30-BF00-D81CCA39EAED}.Debug|x86.ActiveCfg = Debug|Win32
		{4C05BEE6-A7FD-4C30-BF00-D81CCA39EAED}.Debug|x86.Build.0 = Debug|Win32
		{4C05BEE6-A7FD-4C30-BF00-D81CCA39EAED}.Release|x64.ActiveCfg = Release|x64
		{4C05BEE6-A7FD-4C30-BF00-D81CCA39EAED}.Release|x64.Build.0 = Release|x64
		{4C05BEE6-A7FD-4C30-BF00-D81CCA39EAED}.Release|x86.ActiveCfg = Release|Win32
		{4C05BEE6-A7FD-4C30-BF00-D81CCA39EAED}.Release|x86.Build.0 = Release|Win32
		{98CC8E74-194C-476E-A0FA-D72FE372B8D3}.Debug|x64.ActiveCfg = Debug|x64
		{98CC8E74-194C-476E-A0FA-D72FE372B8D3}.Debug|x64.Build.0 = Debug|x64
		{98CC8E74-194C-476E-A0FA-D72FE372B8D3}.Debug|x86.ActiveCfg = Debug|Win32
		{98CC8E74-194C-476E-A0FA-D72FE372B8D3}.Debug|x86.Build.0 = Debug|Win32
		{98CC8E74-194C-476E-A0FA-D72FE372B8D3}.Release|x64.ActiveCfg = Release|x64
		{98CC8E74-194C-476E-A0FA-D72FE372B8D3}.Release|x64.Build.0 = Release|x64
		{98CC8E74-194C-476E-A0FA-D72FE372B8D3}.Release|x86.ActiveCfg = Release|Win32
		{98CC8E74-194C-476E-A0FA-D72FE372B8D3}.Release|x86.Build.0 = Release|Win32
		{D94A75E2-6AE9-42D5-9B78-AA02F0DB752B}.Debug|x64.ActiveCfg = Debug|x64
		{D94A75E2-6AE9-42D5-9B78-AA02F0DB752B}.Debug|x64.Build.0 = Debug|x64
		{D94A75E2-6AE9-42D5-9B78-AA02F0DB752B}.Debug|x86.ActiveCfg = Debug|Win32
		{D94A75E2-6AE9-42D5-9B78-AA02F0DB752B}.Debug|x86.Build.0 = Debug|Win32
		{D94A75E2-6AE9-42D5-9B78-AA02F0DB752B}.Release|x64.ActiveCfg = Release|x64
		{D94A75E2-6AE9-42D5-9B78-AA02F0DB752B}.Release|x64.Build.0 = Release|x64
		{D94A75E2-6AE9-42D5-9B78-AA02F0DB752B}.Release|x86.ActiveCfg = Release|Win32
		{D94A75E2-6AE9-42D5-9B78-AA02F0DB752B}.Release|x86.Build.0 = Release|Win32
		{C1E78F4D-527A-4D8D-9306-677641B38120}.Debug|x64.ActiveCfg = Debug|x64
		{C1E78F4D-527A-4D8D-9306-677641B38120}.Debug|x64.Build.0 = Debug|x64
		{C1E78F4D-527A-4D8D-9306-677641B38120}.Debug|x86.ActiveCfg = Debug|Win32
		{C1E78F4D-527A-4D8D-9306-677641B38120}.Debug|x86.Build.0 = Debug|Win32
		{C1E78F4D-527A-4D8D-9306-677641B38120}.Release|x64.ActiveCfg = Release|x64
		{C1E78F4D-527A-4D8D-9306-677641B38120}.Release|x64.Build.0 = Release|x64
		{C1E78F4D-527A-4D8D-9306-677641B38120}.Release|x86.ActiveCfg = Release|Win32
		{C1E78F4D-527A-4D8D-9306-677641B38120}.Release|x86.Build.0 = Release|Win32
		{18CF8678-15D6-4B91-A75E-FE6E0D73FFBE}.Debug|x64.ActiveCfg = Debug|x64
		{18CF8678-15D6-4B91-A75E-FE6E0D73FFBE}.Debug|x64.Build.0 = Debug|x64
		{18CF8678-15D6-4B91-A75E-FE6E0D73FFBE}.Debug|x86.ActiveCfg = Debug|Win32
		{18CF8678-15D6-4B91-A75E-FE6E0D73FFBE}.Debug|x86.Build.0 = Debug|Win32
		{18CF8678-15D6-4B91-A75E-FE6E0D73FFBE}.Release|x64.ActiveCfg = Release|x64
		{18CF8678-15D6-4B91-A75E-FE6E0D73FFBE}.Release|x64.Build.0 = Release|x64
		{18CF8678-15D6-4B91-A75E-FE6E0D73FFBE}.Release|x86.ActiveCfg = Release|Win32
		{18CF8678-15D6-4B91-A75E-FE6E0D73FFBE}.Release|x86.Build.0 = Release|Win32
		{9499B7AF-90BD-4E3B-AD82-0008A3E993FD}.Debug|x64.ActiveCfg = Debug|x64
		{9499B7AF-90BD-4E3B-AD82-0008A3E993FD}.Debug|x64.Build.0 = Debug|x64
		{9499B7AF-90BD-4E3B-AD82-0008A3E993FD}.Debug|x86.ActiveCfg = Debug|Win32
		{9499B7AF-90BD-4E3B-AD82-0008A3E993FD}.Debug|x86.Build.0 = Debug|Win32
		{9499B7AF-90BD-4E3B-AD82-0008A3E993FD}.Release|x64.ActiveCfg = Release|x64
		{9499B7AF-90BD-4E3B-AD82-0008A3E993FD}.Release|x64.Build.0 = Release|x64
		{9499B7AF-90BD-4E3B-AD82-0008A3E993FD}.Release|x86.ActiveCfg = Release|Win32
		{9499B7AF-90BD-4E3B-AD82-0008A3E993FD}.Release|x86.Build.0 = Release|Win32
		{73133D2C-797F-41DB-9227-D0FFB63D4176}.Debug|x64.ActiveCfg = Debug|x64
		{73133D2C-797F-41DB-9227-D0FFB63D4176}.Debug|x64.Build.0 = Debug|x64
		{73133D2C-797F-41DB-9227-D0FFB63D4176}.Debug|x86.ActiveCfg = Debug|Win32
		{73133D2C-797F-41DB-9227-D0FFB63D4176}.Debug|x86.Build.0 = Debug|Win32
		{73133D2C-797F-41DB-9227-D0FFB63D4176}.Release|x64.ActiveCfg = Release|x64
		{73133D2C-797F-41DB-9227-D0FFB63D4176}.Release|x64.Build.0 = Release|x64
		{73133D2C-797F-41DB-9227-D0FFB63D4176}.Release|x86.ActiveCfg = Release|Win32
		{73133D2C-797F-41DB-9227-D0FFB63D4176}.Release|x86.Build.0 = Release|Win32
		{8F80107A-24EA-46E9-9696-E5645DA893DF}.Debug|x64.ActiveCfg = Debug|x64
		{8F80107A-24EA-46E9-9696-E5645DA893DF}.Debug|x64.Build.0 = Debug|x64
		{8F80107A-24EA-46E9-9696-E5645DA893DF}.Debug|x86.ActiveCfg = Debug|Win32
		{8F80107A-24EA-46E9-9696-E5645DA893DF}.Debug|x86.Build.0 = Debug|Win32
		{8F80107A-24EA-46E9-9696-E5645DA893DF}.Release|x64.ActiveCfg = Release|x64
		{8F80107A-24EA-46E9-9696-E5645DA893DF}.Release|x64.Build.0 = Release|x64
		{8F80107A-24EA-46E9-9696-E5645DA893DF}.Release|x86.ActiveCfg = Release|Win32
		{8F80107A-24EA-46E9-9696-E5645DA893DF}.Release|x86.Build.0 = Release|Win32
		{425AC1D6-5EEA-4632-AB06-A8097C1A12C7}.Debug|x64.ActiveCfg = Debug|x64
		{425AC1D6-5EEA-4632-AB06-A8097C1A12C7}.Debug|x64.Build.0 = Debug|x64
		{425AC1D6-5EEA-4632-AB06-A8097C1A12C7}.Debug|x86.ActiveCfg = Debug|Win32
		{425AC1D6-5EEA-4632-AB06-A8097C1A12C7}.Debug|x86.Build.0 = Debug|Win32
		{425AC1D6-5EEA-4632-AB06-A8097C1A12C7}.Release|x64.ActiveCfg = Release|x64
		{425AC1D6-5EEA-4632-AB06-A8097C1A12C7}.Release|x64.Build.0 = Release|x64
		{425AC1D6-5EEA-4632-AB06-A8097C1A12C7}.Release|x86.ActiveCfg = Release|Win32
		{425AC1D6-5EEA-4632-AB06-A8097C1A12C7}.Release|x86.Build.0 = Release|Win32
		{431DA813-E076-4520-8A21-C1943ED65488}.Debug|x64.ActiveCfg = Debug|x64
		{431DA813-E076-4520-8A21-C1943ED65488}.Debug|x64.Build.0 = Debug|x64
		{431DA813-E076-4520-8A21-C1943ED65488}.Debug|x86.ActiveCfg = Debug|Win32
		{431DA813-E076-4520-8A21-C1943ED65488}.Debug|x86.Build.0 = Debug|Win32
		{431DA813-E076-4520-8A21-C1943ED65488}.Release|x64.ActiveCfg = Release|x64
		{431DA813-E076-4520-8A21-C1943ED65488}.Release|x64.Build.0 = Release|x64
		{431DA813-E076-4520-8A21-C1943ED65488}.Release|x86.ActiveCfg = Release|Win32
		{431DA813-E076-4520-8A21-C1943ED65488}.Release|x86.Build.0 = Release|Win32
		{1587ED34-E8AA-4021-AFCA-1D559E8EB0A8}.Debug|x64.ActiveCfg = Debug|x64
		{1587ED34-E8AA-4021-AFCA-1D559E8EB0A8}.Debug|x64.Build.0 = Debug|x64
		{1587ED34-E8AA-4021-AFCA-1D559E8EB0A8}.Debug|x86.ActiveCfg = Debug|Win32
		{1587ED34-E8AA-4021-AFCA-1D559E8EB0A8}.Debug|x86.Build.0 = Debug|Win32
		{1587ED34-E8AA-4021-AFCA-1D559E8EB0A8}.Release|x64.ActiveCfg = Release|x64
		{1587ED34-E8AA-4021-AFCA-1D559E8EB0A8}.Release|x64.Build.0 = Release|x64
		{1587ED34-E8AA-4021-AFCA-1D559E8EB0A8}.Release|x86.ActiveCfg = Release|Win32
		{1587ED34-E8AA-4021-AFCA-1D559E8EB0A8}.Release|x86.Build.0 = Release|Win32
		{4E37F4C0-686C-4D19-B73A-5A46A6BBB381}.Debug|x64.ActiveCfg = Debug|x64
		{4E37F4C0-686C-4D19-B73A-5A46A6BBB381}.Debug|x64.Build.0 = Debug|x64
		{4E37F4C0-686C-4D19-B73A-5A46A6BBB381}.Debug|x86.ActiveCfg = Debug|Win32
		{4E37F4C0-686C-4D19-B73A-5A46A6BBB381}.Debug|x86.Build.0 = Debug|Win32
		{4E37F4C0-686C-4D19-B73A-5A46A6BBB381}.Release|x64.ActiveCfg = Release|x64
		{4E37F4C0-686C-4D19-B73A-5A46A6BBB381}.Release|x64.Build.0 = Release|x64
		{4E37F4C0-686C-4D19-B73A-5A46A6BBB381}.Release|x86.ActiveCfg = Release|Win32
		{4E37F4C0-686C-4D19-B73A-5A46A6BBB381}.Release|x86.Build.0 = Release|Win32
	EndGlobalSection
	GlobalSection(SolutionProperties) = preSolution
		HideSolutionNode = FALSE
	EndGlobalSection
	GlobalSection(ExtensibilityGlobals) = postSolution
		SolutionGuid = {C3D0D5A7-C51A-4FB3-973C-BB086F123E8E}
	EndGlobalSection
EndGlobal
